
Microsoft Visual Studio Solution File, Format Version 12.00
# Visual Studio Version 16
VisualStudioVersion = 16.0.28803.202
MinimumVisualStudioVersion = 10.0.40219.1
Project("{FAE04EC0-301F-11D3-BF4B-00C04F79EFBC}") = "DockerTesterWindows", "DockerTesterWindows\DockerTesterWindows.csproj", "{ADA508C6-ABB3-4736-937B-0BC80685894A}"
EndProject
Project("{9A19103F-16F7-4668-BE54-9A1E7A4F7556}") = "DockerTesterLinux", "DockerTesterLinux\DockerTesterLinux.csproj", "{D628F891-0078-45FE-99AA-734CC45B49E5}"
EndProject
Global
	GlobalSection(SolutionConfigurationPlatforms) = preSolution
		Debug|Any CPU = Debug|Any CPU
		Release|Any CPU = Release|Any CPU
	EndGlobalSection
	GlobalSection(ProjectConfigurationPlatforms) = postSolution
		{ADA508C6-ABB3-4736-937B-0BC80685894A}.Debug|Any CPU.ActiveCfg = Debug|Any CPU
		{ADA508C6-ABB3-4736-937B-0BC80685894A}.Debug|Any CPU.Build.0 = Debug|Any CPU
		{ADA508C6-ABB3-4736-937B-0BC80685894A}.Release|Any CPU.ActiveCfg = Release|Any CPU
		{ADA508C6-ABB3-4736-937B-0BC80685894A}.Release|Any CPU.Build.0 = Release|Any CPU
		{D628F891-0078-45FE-99AA-734CC45B49E5}.Debug|Any CPU.ActiveCfg = Debug|Any CPU
		{D628F891-0078-45FE-99AA-734CC45B49E5}.Debug|Any CPU.Build.0 = Debug|Any CPU
		{D628F891-0078-45FE-99AA-734CC45B49E5}.Release|Any CPU.ActiveCfg = Release|Any CPU
		{D628F891-0078-45FE-99AA-734CC45B49E5}.Release|Any CPU.Build.0 = Release|Any CPU
	EndGlobalSection
	GlobalSection(SolutionProperties) = preSolution
		HideSolutionNode = FALSE
	EndGlobalSection
	GlobalSection(ExtensibilityGlobals) = postSolution
		SolutionGuid = {D03F569B-40D1-4239-AF85-5339181045ED}
	EndGlobalSection
EndGlobal
